
Microsoft Visual Studio Solution File, Format Version 12.00
# Visual Studio Version 17
VisualStudioVersion = 17.0.31903.59
MinimumVisualStudioVersion = 10.0.40219.1
Project("{FAE04EC0-301F-11D3-BF4B-00C04F79EFBC}") = "Csharp.Book.Downloader.Lib", "src\CSharp.Book.Downloader.Lib\Csharp.Book.Downloader.Lib.csproj", "{38F0A7C4-AE4B-48FF-B1FD-902250372087}"
EndProject
Project("{FAE04EC0-301F-11D3-BF4B-00C04F79EFBC}") = "Csharp.Book.Downloader.Lib.Test", "src\CSharp.Book.Downloader.Lib.Test\Csharp.Book.Downloader.Lib.Test.csproj", "{9B22FF8A-F9CB-426F-AA28-8298E0CE8805}"
EndProject
Project("{FAE04EC0-301F-11D3-BF4B-00C04F79EFBC}") = "Csharp.Book.Downloader.Program", "src\CSharp.Book.Downloader.Program\Csharp.Book.Downloader.Program.csproj", "{F42EAE43-3615-4E0F-809A-5E4731070065}"
EndProject
Global
	GlobalSection(SolutionConfigurationPlatforms) = preSolution
		Debug|Any CPU = Debug|Any CPU
		Debug|x64 = Debug|x64
		Debug|x86 = Debug|x86
		Release|Any CPU = Release|Any CPU
		Release|x64 = Release|x64
		Release|x86 = Release|x86
	EndGlobalSection
	GlobalSection(ProjectConfigurationPlatforms) = postSolution
		{38F0A7C4-AE4B-48FF-B1FD-902250372087}.Debug|Any CPU.ActiveCfg = Debug|Any CPU
		{38F0A7C4-AE4B-48FF-B1FD-902250372087}.Debug|Any CPU.Build.0 = Debug|Any CPU
		{38F0A7C4-AE4B-48FF-B1FD-902250372087}.Debug|x64.ActiveCfg = Debug|Any CPU
		{38F0A7C4-AE4B-48FF-B1FD-902250372087}.Debug|x64.Build.0 = Debug|Any CPU
		{38F0A7C4-AE4B-48FF-B1FD-902250372087}.Debug|x86.ActiveCfg = Debug|Any CPU
		{38F0A7C4-AE4B-48FF-B1FD-902250372087}.Debug|x86.Build.0 = Debug|Any CPU
		{38F0A7C4-AE4B-48FF-B1FD-902250372087}.Release|Any CPU.ActiveCfg = Release|Any CPU
		{38F0A7C4-AE4B-48FF-B1FD-902250372087}.Release|Any CPU.Build.0 = Release|Any CPU
		{38F0A7C4-AE4B-48FF-B1FD-902250372087}.Release|x64.ActiveCfg = Release|Any CPU
		{38F0A7C4-AE4B-48FF-B1FD-902250372087}.Release|x64.Build.0 = Release|Any CPU
		{38F0A7C4-AE4B-48FF-B1FD-902250372087}.Release|x86.ActiveCfg = Release|Any CPU
		{38F0A7C4-AE4B-48FF-B1FD-902250372087}.Release|x86.Build.0 = Release|Any CPU
		{9B22FF8A-F9CB-426F-AA28-8298E0CE8805}.Debug|Any CPU.ActiveCfg = Debug|Any CPU
		{9B22FF8A-F9CB-426F-AA28-8298E0CE8805}.Debug|Any CPU.Build.0 = Debug|Any CPU
		{9B22FF8A-F9CB-426F-AA28-8298E0CE8805}.Debug|x64.ActiveCfg = Debug|Any CPU
		{9B22FF8A-F9CB-426F-AA28-8298E0CE8805}.Debug|x64.Build.0 = Debug|Any CPU
		{9B22FF8A-F9CB-426F-AA28-8298E0CE8805}.Debug|x86.ActiveCfg = Debug|Any CPU
		{9B22FF8A-F9CB-426F-AA28-8298E0CE8805}.Debug|x86.Build.0 = Debug|Any CPU
		{9B22FF8A-F9CB-426F-AA28-8298E0CE8805}.Release|Any CPU.ActiveCfg = Release|Any CPU
		{9B22FF8A-F9CB-426F-AA28-8298E0CE8805}.Release|Any CPU.Build.0 = Release|Any CPU
		{9B22FF8A-F9CB-426F-AA28-8298E0CE8805}.Release|x64.ActiveCfg = Release|Any CPU
		{9B22FF8A-F9CB-426F-AA28-8298E0CE8805}.Release|x64.Build.0 = Release|Any CPU
		{9B22FF8A-F9CB-426F-AA28-8298E0CE8805}.Release|x86.ActiveCfg = Release|Any CPU
		{9B22FF8A-F9CB-426F-AA28-8298E0CE8805}.Release|x86.Build.0 = Release|Any CPU
		{F42EAE43-3615-4E0F-809A-5E4731070065}.Debug|Any CPU.ActiveCfg = Debug|Any CPU
		{F42EAE43-3615-4E0F-809A-5E4731070065}.Debug|Any CPU.Build.0 = Debug|Any CPU
		{F42EAE43-3615-4E0F-809A-5E4731070065}.Debug|x64.ActiveCfg = Debug|Any CPU
		{F42EAE43-3615-4E0F-809A-5E4731070065}.Debug|x64.Build.0 = Debug|Any CPU
		{F42EAE43-3615-4E0F-809A-5E4731070065}.Debug|x86.ActiveCfg = Debug|Any CPU
		{F42EAE43-3615-4E0F-809A-5E4731070065}.Debug|x86.Build.0 = Debug|Any CPU
		{F42EAE43-3615-4E0F-809A-5E4731070065}.Release|Any CPU.ActiveCfg = Release|Any CPU
		{F42EAE43-3615-4E0F-809A-5E4731070065}.Release|Any CPU.Build.0 = Release|Any CPU
		{F42EAE43-3615-4E0F-809A-5E4731070065}.Release|x64.ActiveCfg = Release|Any CPU
		{F42EAE43-3615-4E0F-809A-5E4731070065}.Release|x64.Build.0 = Release|Any CPU
		{F42EAE43-3615-4E0F-809A-5E4731070065}.Release|x86.ActiveCfg = Release|Any CPU
		{F42EAE43-3615-4E0F-809A-5E4731070065}.Release|x86.Build.0 = Release|Any CPU
	EndGlobalSection
	GlobalSection(SolutionProperties) = preSolution
		HideSolutionNode = FALSE
	EndGlobalSection
EndGlobal
